
Microsoft Visual Studio Solution File, Format Version 12.00
# Visual Studio 2012
Project("{2150E333-8FDC-42A3-9474-1A3956D46DE8}") = "src", "src", "{D0E7C3A1-F002-482A-A98C-AEA36171839F}"
EndProject
Project("{FAE04EC0-301F-11D3-BF4B-00C04F79EFBC}") = "RelistenApi", "RelistenApi\RelistenApi.csproj", "{638879E3-CB02-49B0-8091-9DEFBE8D12A9}"
EndProject
Global
	GlobalSection(SolutionConfigurationPlatforms) = preSolution
		Debug|Any CPU = Debug|Any CPU
		Release|Any CPU = Release|Any CPU
	EndGlobalSection
	GlobalSection(ProjectConfigurationPlatforms) = postSolution
		{638879E3-CB02-49B0-8091-9DEFBE8D12A9}.Debug|Any CPU.ActiveCfg = Debug|Any CPU
		{638879E3-CB02-49B0-8091-9DEFBE8D12A9}.Debug|Any CPU.Build.0 = Debug|Any CPU
		{638879E3-CB02-49B0-8091-9DEFBE8D12A9}.Release|Any CPU.ActiveCfg = Release|Any CPU
		{638879E3-CB02-49B0-8091-9DEFBE8D12A9}.Release|Any CPU.Build.0 = Release|Any CPU
	EndGlobalSection
	GlobalSection(NestedProjects) = preSolution
		{638879E3-CB02-49B0-8091-9DEFBE8D12A9} = {D0E7C3A1-F002-482A-A98C-AEA36171839F}
	EndGlobalSection
EndGlobal
